
Microsoft Visual Studio Solution File, Format Version 12.00
# Visual Studio Version 17
VisualStudioVersion = 17.0.32014.148
MinimumVisualStudioVersion = 10.0.40219.1
Project("{FAE04EC0-301F-11D3-BF4B-00C04F79EFBC}") = "Client", "Client.csproj", "{715CF078-DB39-49B8-9C6A-DE67E3402B76}"
EndProject
Global
	GlobalSection(SolutionConfigurationPlatforms) = preSolution
		Debug|Any CPU = Debug|Any CPU
		Release|Any CPU = Release|Any CPU
	EndGlobalSection
	GlobalSection(ProjectConfigurationPlatforms) = postSolution
		{715CF078-DB39-49B8-9C6A-DE67E3402B76}.Debug|Any CPU.ActiveCfg = Debug|Any CPU
		{715CF078-DB39-49B8-9C6A-DE67E3402B76}.Debug|Any CPU.Build.0 = Debug|Any CPU
		{715CF078-DB39-49B8-9C6A-DE67E3402B76}.Release|Any CPU.ActiveCfg = Release|Any CPU
		{715CF078-DB39-49B8-9C6A-DE67E3402B76}.Release|Any CPU.Build.0 = Release|Any CPU
	EndGlobalSection
	GlobalSection(SolutionProperties) = preSolution
		HideSolutionNode = FALSE
	EndGlobalSection
	GlobalSection(ExtensibilityGlobals) = postSolution
		SolutionGuid = {9789E050-568B-4BE8-BBAF-11E7B8FB5B5C}
	EndGlobalSection
EndGlobal
