
Microsoft Visual Studio Solution File, Format Version 12.00
# Visual Studio Version 17
VisualStudioVersion = 17.0.32014.148
MinimumVisualStudioVersion = 10.0.40219.1
Project("{FAE04EC0-301F-11D3-BF4B-00C04F79EFBC}") = "Server", "Server.csproj", "{B8A59E47-9EF2-4EE6-B95A-49AA7A354482}"
EndProject
Global
	GlobalSection(SolutionConfigurationPlatforms) = preSolution
		Debug|Any CPU = Debug|Any CPU
		Release|Any CPU = Release|Any CPU
	EndGlobalSection
	GlobalSection(ProjectConfigurationPlatforms) = postSolution
		{B8A59E47-9EF2-4EE6-B95A-49AA7A354482}.Debug|Any CPU.ActiveCfg = Debug|Any CPU
		{B8A59E47-9EF2-4EE6-B95A-49AA7A354482}.Debug|Any CPU.Build.0 = Debug|Any CPU
		{B8A59E47-9EF2-4EE6-B95A-49AA7A354482}.Release|Any CPU.ActiveCfg = Release|Any CPU
		{B8A59E47-9EF2-4EE6-B95A-49AA7A354482}.Release|Any CPU.Build.0 = Release|Any CPU
	EndGlobalSection
	GlobalSection(SolutionProperties) = preSolution
		HideSolutionNode = FALSE
	EndGlobalSection
	GlobalSection(ExtensibilityGlobals) = postSolution
		SolutionGuid = {8FDC49E2-0FCA-4223-ABBA-734F28A29ED3}
	EndGlobalSection
EndGlobal
