
Microsoft Visual Studio Solution File, Format Version 12.00
# Visual Studio Version 16
VisualStudioVersion = 16.0.29306.81
MinimumVisualStudioVersion = 10.0.40219.1
Project("{FAE04EC0-301F-11D3-BF4B-00C04F79EFBC}") = "Hello World", "Hello World.csproj", "{B4D30DDA-C12C-4B27-A466-6AF4CF2F280F}"
EndProject
Global
	GlobalSection(SolutionConfigurationPlatforms) = preSolution
		Debug|Any CPU = Debug|Any CPU
		Release|Any CPU = Release|Any CPU
	EndGlobalSection
	GlobalSection(ProjectConfigurationPlatforms) = postSolution
		{B4D30DDA-C12C-4B27-A466-6AF4CF2F280F}.Debug|Any CPU.ActiveCfg = Debug|Any CPU
		{B4D30DDA-C12C-4B27-A466-6AF4CF2F280F}.Debug|Any CPU.Build.0 = Debug|Any CPU
		{B4D30DDA-C12C-4B27-A466-6AF4CF2F280F}.Release|Any CPU.ActiveCfg = Release|Any CPU
		{B4D30DDA-C12C-4B27-A466-6AF4CF2F280F}.Release|Any CPU.Build.0 = Release|Any CPU
	EndGlobalSection
	GlobalSection(SolutionProperties) = preSolution
		HideSolutionNode = FALSE
	EndGlobalSection
	GlobalSection(ExtensibilityGlobals) = postSolution
		SolutionGuid = {54207B4C-194E-4DBC-9FD8-124A38B0DABA}
	EndGlobalSection
EndGlobal
